
Microsoft Visual Studio Solution File, Format Version 12.00
# Visual Studio Version 17
VisualStudioVersion = 17.12.35707.178
MinimumVisualStudioVersion = 10.0.40219.1
Project("{FAE04EC0-301F-11D3-BF4B-00C04F79EFBC}") = "Cervione.Clients.Desktop", "Cervione.Clients.Desktop\Cervione.Clients.Desktop.csproj", "{38AC7418-460F-400A-A0CC-9CB8D6A9806B}"
EndProject
Project("{FAE04EC0-301F-11D3-BF4B-00C04F79EFBC}") = "Cervione.Clients.Shared", "Cervione.Clients.Shared\Cervione.Clients.Shared.csproj", "{86585E2A-043E-4D6E-AA4D-17069C842C74}"
EndProject
Project("{FAE04EC0-301F-11D3-BF4B-00C04F79EFBC}") = "Cervione.Api", "Cervione.Api\Cervione.Api.csproj", "{BFC18931-0205-4461-8F61-3B4128232266}"
EndProject
Project("{2150E333-8FDC-42A3-9474-1A3956D46DE8}") = "src", "src", "{441DDA2E-190A-4568-82FE-882F0CDDDBA4}"
EndProject
Project("{2150E333-8FDC-42A3-9474-1A3956D46DE8}") = "clients", "clients", "{89CC2FB8-972A-40F4-BDDD-278BC2B24DDD}"
EndProject
Project("{2150E333-8FDC-42A3-9474-1A3956D46DE8}") = "desktop", "desktop", "{A2EB9097-409E-4B8E-A3D4-33FF7F96F0F8}"
EndProject
Project("{2150E333-8FDC-42A3-9474-1A3956D46DE8}") = "mobile", "mobile", "{A5542876-9CAF-45C3-B4E0-03716A5F7FFE}"
EndProject
Project("{2150E333-8FDC-42A3-9474-1A3956D46DE8}") = "web", "web", "{977A9F73-7CD6-469A-8E66-8E6D97134347}"
EndProject
Project("{FAE04EC0-301F-11D3-BF4B-00C04F79EFBC}") = "Cervione.Core", "Cervione.Core\Cervione.Core.csproj", "{30F2856D-5653-4FE2-B638-F12A75A693E3}"
EndProject
Global
	GlobalSection(SolutionConfigurationPlatforms) = preSolution
		Debug|Any CPU = Debug|Any CPU
		Debug|x64 = Debug|x64
		Debug|x86 = Debug|x86
		Release|Any CPU = Release|Any CPU
		Release|x64 = Release|x64
		Release|x86 = Release|x86
	EndGlobalSection
	GlobalSection(ProjectConfigurationPlatforms) = postSolution
		{38AC7418-460F-400A-A0CC-9CB8D6A9806B}.Debug|Any CPU.ActiveCfg = Debug|Any CPU
		{38AC7418-460F-400A-A0CC-9CB8D6A9806B}.Debug|Any CPU.Build.0 = Debug|Any CPU
		{38AC7418-460F-400A-A0CC-9CB8D6A9806B}.Debug|x64.ActiveCfg = Debug|Any CPU
		{38AC7418-460F-400A-A0CC-9CB8D6A9806B}.Debug|x64.Build.0 = Debug|Any CPU
		{38AC7418-460F-400A-A0CC-9CB8D6A9806B}.Debug|x86.ActiveCfg = Debug|Any CPU
		{38AC7418-460F-400A-A0CC-9CB8D6A9806B}.Debug|x86.Build.0 = Debug|Any CPU
		{38AC7418-460F-400A-A0CC-9CB8D6A9806B}.Release|Any CPU.ActiveCfg = Release|Any CPU
		{38AC7418-460F-400A-A0CC-9CB8D6A9806B}.Release|Any CPU.Build.0 = Release|Any CPU
		{38AC7418-460F-400A-A0CC-9CB8D6A9806B}.Release|x64.ActiveCfg = Release|Any CPU
		{38AC7418-460F-400A-A0CC-9CB8D6A9806B}.Release|x64.Build.0 = Release|Any CPU
		{38AC7418-460F-400A-A0CC-9CB8D6A9806B}.Release|x86.ActiveCfg = Release|Any CPU
		{38AC7418-460F-400A-A0CC-9CB8D6A9806B}.Release|x86.Build.0 = Release|Any CPU
		{86585E2A-043E-4D6E-AA4D-17069C842C74}.Debug|Any CPU.ActiveCfg = Debug|Any CPU
		{86585E2A-043E-4D6E-AA4D-17069C842C74}.Debug|Any CPU.Build.0 = Debug|Any CPU
		{86585E2A-043E-4D6E-AA4D-17069C842C74}.Debug|x64.ActiveCfg = Debug|Any CPU
		{86585E2A-043E-4D6E-AA4D-17069C842C74}.Debug|x64.Build.0 = Debug|Any CPU
		{86585E2A-043E-4D6E-AA4D-17069C842C74}.Debug|x86.ActiveCfg = Debug|Any CPU
		{86585E2A-043E-4D6E-AA4D-17069C842C74}.Debug|x86.Build.0 = Debug|Any CPU
		{86585E2A-043E-4D6E-AA4D-17069C842C74}.Release|Any CPU.ActiveCfg = Release|Any CPU
		{86585E2A-043E-4D6E-AA4D-17069C842C74}.Release|Any CPU.Build.0 = Release|Any CPU
		{86585E2A-043E-4D6E-AA4D-17069C842C74}.Release|x64.ActiveCfg = Release|Any CPU
		{86585E2A-043E-4D6E-AA4D-17069C842C74}.Release|x64.Build.0 = Release|Any CPU
		{86585E2A-043E-4D6E-AA4D-17069C842C74}.Release|x86.ActiveCfg = Release|Any CPU
		{86585E2A-043E-4D6E-AA4D-17069C842C74}.Release|x86.Build.0 = Release|Any CPU
		{BFC18931-0205-4461-8F61-3B4128232266}.Debug|Any CPU.ActiveCfg = Debug|Any CPU
		{BFC18931-0205-4461-8F61-3B4128232266}.Debug|Any CPU.Build.0 = Debug|Any CPU
		{BFC18931-0205-4461-8F61-3B4128232266}.Debug|x64.ActiveCfg = Debug|Any CPU
		{BFC18931-0205-4461-8F61-3B4128232266}.Debug|x64.Build.0 = Debug|Any CPU
		{BFC18931-0205-4461-8F61-3B4128232266}.Debug|x86.ActiveCfg = Debug|Any CPU
		{BFC18931-0205-4461-8F61-3B4128232266}.Debug|x86.Build.0 = Debug|Any CPU
		{BFC18931-0205-4461-8F61-3B4128232266}.Release|Any CPU.ActiveCfg = Release|Any CPU
		{BFC18931-0205-4461-8F61-3B4128232266}.Release|Any CPU.Build.0 = Release|Any CPU
		{BFC18931-0205-4461-8F61-3B4128232266}.Release|x64.ActiveCfg = Release|Any CPU
		{BFC18931-0205-4461-8F61-3B4128232266}.Release|x64.Build.0 = Release|Any CPU
		{BFC18931-0205-4461-8F61-3B4128232266}.Release|x86.ActiveCfg = Release|Any CPU
		{BFC18931-0205-4461-8F61-3B4128232266}.Release|x86.Build.0 = Release|Any CPU
		{30F2856D-5653-4FE2-B638-F12A75A693E3}.Debug|Any CPU.ActiveCfg = Debug|Any CPU
		{30F2856D-5653-4FE2-B638-F12A75A693E3}.Debug|Any CPU.Build.0 = Debug|Any CPU
		{30F2856D-5653-4FE2-B638-F12A75A693E3}.Debug|x64.ActiveCfg = Debug|Any CPU
		{30F2856D-5653-4FE2-B638-F12A75A693E3}.Debug|x64.Build.0 = Debug|Any CPU
		{30F2856D-5653-4FE2-B638-F12A75A693E3}.Debug|x86.ActiveCfg = Debug|Any CPU
		{30F2856D-5653-4FE2-B638-F12A75A693E3}.Debug|x86.Build.0 = Debug|Any CPU
		{30F2856D-5653-4FE2-B638-F12A75A693E3}.Release|Any CPU.ActiveCfg = Release|Any CPU
		{30F2856D-5653-4FE2-B638-F12A75A693E3}.Release|Any CPU.Build.0 = Release|Any CPU
		{30F2856D-5653-4FE2-B638-F12A75A693E3}.Release|x64.ActiveCfg = Release|Any CPU
		{30F2856D-5653-4FE2-B638-F12A75A693E3}.Release|x64.Build.0 = Release|Any CPU
		{30F2856D-5653-4FE2-B638-F12A75A693E3}.Release|x86.ActiveCfg = Release|Any CPU
		{30F2856D-5653-4FE2-B638-F12A75A693E3}.Release|x86.Build.0 = Release|Any CPU
	EndGlobalSection
	GlobalSection(SolutionProperties) = preSolution
		HideSolutionNode = FALSE
	EndGlobalSection
	GlobalSection(NestedProjects) = preSolution
		{BFC18931-0205-4461-8F61-3B4128232266} = {441DDA2E-190A-4568-82FE-882F0CDDDBA4}
		{89CC2FB8-972A-40F4-BDDD-278BC2B24DDD} = {441DDA2E-190A-4568-82FE-882F0CDDDBA4}
		{A2EB9097-409E-4B8E-A3D4-33FF7F96F0F8} = {89CC2FB8-972A-40F4-BDDD-278BC2B24DDD}
		{38AC7418-460F-400A-A0CC-9CB8D6A9806B} = {A2EB9097-409E-4B8E-A3D4-33FF7F96F0F8}
		{A5542876-9CAF-45C3-B4E0-03716A5F7FFE} = {89CC2FB8-972A-40F4-BDDD-278BC2B24DDD}
		{977A9F73-7CD6-469A-8E66-8E6D97134347} = {89CC2FB8-972A-40F4-BDDD-278BC2B24DDD}
		{86585E2A-043E-4D6E-AA4D-17069C842C74} = {89CC2FB8-972A-40F4-BDDD-278BC2B24DDD}
		{30F2856D-5653-4FE2-B638-F12A75A693E3} = {441DDA2E-190A-4568-82FE-882F0CDDDBA4}
	EndGlobalSection
EndGlobal
